{
  "pins" : [
    {
      "identity" : "nnswiftuikit",
      "kind" : "remoteSourceControl",
      "location" : "https://github.com/nikolainobadi/NnSwiftUIKit",
      "state" : {
        "branch" : "remove-nn-prefixes",
        "revision" : "aa1f03e9aea4dded126235831946fb5075ddead0"
      }
    },
    {
      "identity" : "swiftsoup",
      "kind" : "remoteSourceControl",
      "location" : "https://github.com/scinfu/SwiftSoup",
      "state" : {
        "revision" : "0837db354faf9c9deb710dc597046edaadf5360f",
        "version" : "2.7.6"
      }
    }
  ],
  "version" : 2
}
