// !$*UTF8*$!
{
	archiveVersion = 1;
	classes = {
	};
	objectVersion = 56;
	objects = {

/* Begin PBXBuildFile section */
		D46C70792D1BB4E200C217D6 /* NnTestHelpers in Frameworks */ = {isa = PBXBuildFile; productRef = D46C70782D1BB4E200C217D6 /* NnTestHelpers */; };
		D46C707B2D1BB4F000C217D6 /* NnTestVariables in Frameworks */ = {isa = PBXBuildFile; productRef = D46C707A2D1BB4F000C217D6 /* NnTestVariables */; };
		D46C707D2D1BB50600C217D6 /* AppLauncher.swift in Sources */ = {isa = PBXBuildFile; fileRef = D46C707C2D1BB50600C217D6 /* AppLauncher.swift */; };
		D46C707F2D1BB55500C217D6 /* TestApp.swift in Sources */ = {isa = PBXBuildFile; fileRef = D46C707E2D1BB55500C217D6 /* TestApp.swift */; };
		D46C70842D1BB65400C217D6 /* ChapterComicViewModelTests.swift in Sources */ = {isa = PBXBuildFile; fileRef = D46C70832D1BB65400C217D6 /* ChapterComicViewModelTests.swift */; };
		D49598062D0B750A00B4493F /* ChapterListView.swift in Sources */ = {isa = PBXBuildFile; fileRef = D49598052D0B750A00B4493F /* ChapterListView.swift */; };
		D49598082D0B754600B4493F /* ChapterSection.swift in Sources */ = {isa = PBXBuildFile; fileRef = D49598072D0B754600B4493F /* ChapterSection.swift */; };
		D495980A2D0B757600B4493F /* ComicType.swift in Sources */ = {isa = PBXBuildFile; fileRef = D49598092D0B757600B4493F /* ComicType.swift */; };
		D495980C2D0B75E500B4493F /* CustomAsyncImage.swift in Sources */ = {isa = PBXBuildFile; fileRef = D495980B2D0B75E500B4493F /* CustomAsyncImage.swift */; };
		D495980F2D0B762E00B4493F /* HapticButton.swift in Sources */ = {isa = PBXBuildFile; fileRef = D495980E2D0B762E00B4493F /* HapticButton.swift */; };
		D49598112D0B764000B4493F /* ZoomableImageView.swift in Sources */ = {isa = PBXBuildFile; fileRef = D49598102D0B764000B4493F /* ZoomableImageView.swift */; };
		D49598132D0B765600B4493F /* ChapterComicViewModel.swift in Sources */ = {isa = PBXBuildFile; fileRef = D49598122D0B765600B4493F /* ChapterComicViewModel.swift */; };
		D49598152D0B766E00B4493F /* ChapterComicLoaderAdapter.swift in Sources */ = {isa = PBXBuildFile; fileRef = D49598142D0B766E00B4493F /* ChapterComicLoaderAdapter.swift */; };
		D49598182D0B82D700B4493F /* SettingsViewModel.swift in Sources */ = {isa = PBXBuildFile; fileRef = D49598172D0B82D700B4493F /* SettingsViewModel.swift */; };
		D495981A2D0B82EE00B4493F /* CachedChaptersView.swift in Sources */ = {isa = PBXBuildFile; fileRef = D49598192D0B82EE00B4493F /* CachedChaptersView.swift */; };
		D4AD507A2D0A81CA00F4D874 /* ChapterComicView.swift in Sources */ = {isa = PBXBuildFile; fileRef = D4AD50792D0A81CA00F4D874 /* ChapterComicView.swift */; };
		D4DD9B6E2D0A44A400A16227 /* FetchChapterListViewModifier.swift in Sources */ = {isa = PBXBuildFile; fileRef = D4DD9B6D2D0A44A400A16227 /* FetchChapterListViewModifier.swift */; };
		D4DD9B722D0A6EFD00A16227 /* ComicFeatureNavStack.swift in Sources */ = {isa = PBXBuildFile; fileRef = D4DD9B712D0A6EFD00A16227 /* ComicFeatureNavStack.swift */; };
		D4DD9B742D0A6F5000A16227 /* PreviewModifiersViewModifier.swift in Sources */ = {isa = PBXBuildFile; fileRef = D4DD9B732D0A6F5000A16227 /* PreviewModifiersViewModifier.swift */; };
		D4DD9B772D0A722900A16227 /* SettingsFeatureNavStack.swift in Sources */ = {isa = PBXBuildFile; fileRef = D4DD9B762D0A722900A16227 /* SettingsFeatureNavStack.swift */; };
		D4FF65832D0940A70023988F /* SwiftDataChapter.swift in Sources */ = {isa = PBXBuildFile; fileRef = D4FF65822D0940A70023988F /* SwiftDataChapter.swift */; };
		E84A2CE02CFC369C00FAF001 /* NnSwiftUIKit in Frameworks */ = {isa = PBXBuildFile; productRef = E84A2CDF2CFC369C00FAF001 /* NnSwiftUIKit */; };
		E84A2CE12CFC36D400FAF001 /* NnSwiftUIKit in Embed Frameworks */ = {isa = PBXBuildFile; productRef = E84A2CDF2CFC369C00FAF001 /* NnSwiftUIKit */; settings = {ATTRIBUTES = (CodeSignOnCopy, ); }; };
		E84A2CE42CFC435800FAF001 /* MainFeaturesTabView.swift in Sources */ = {isa = PBXBuildFile; fileRef = E84A2CE32CFC435800FAF001 /* MainFeaturesTabView.swift */; };
		E84A2CE62CFC463300FAF001 /* CustomError.swift in Sources */ = {isa = PBXBuildFile; fileRef = E84A2CE52CFC463300FAF001 /* CustomError.swift */; };
		E88C4C5F2CE32FB500CF3D0C /* Chapter.swift in Sources */ = {isa = PBXBuildFile; fileRef = E88C4C5E2CE32FB500CF3D0C /* Chapter.swift */; };
		E88C4C612CE32FC600CF3D0C /* ChapterLoaderAdapter.swift in Sources */ = {isa = PBXBuildFile; fileRef = E88C4C602CE32FC600CF3D0C /* ChapterLoaderAdapter.swift */; };
		E8A095BD2CE0941200D28E3F /* DBMultiverseApp.swift in Sources */ = {isa = PBXBuildFile; fileRef = E8A095BC2CE0941200D28E3F /* DBMultiverseApp.swift */; };
		E8A095C12CE0941400D28E3F /* Assets.xcassets in Resources */ = {isa = PBXBuildFile; fileRef = E8A095C02CE0941400D28E3F /* Assets.xcassets */; };
		E8A095C42CE0941400D28E3F /* Preview Assets.xcassets in Resources */ = {isa = PBXBuildFile; fileRef = E8A095C32CE0941400D28E3F /* Preview Assets.xcassets */; };
		E8A095CC2CE0944C00D28E3F /* SwiftSoup in Frameworks */ = {isa = PBXBuildFile; productRef = E8A095CB2CE0944C00D28E3F /* SwiftSoup */; };
		E8D4ED202CE721CA005ED4BC /* String+Extensions.swift in Sources */ = {isa = PBXBuildFile; fileRef = E8D4ED1F2CE721CA005ED4BC /* String+Extensions.swift */; };
/* End PBXBuildFile section */

/* Begin PBXContainerItemProxy section */
		D46C70722D1BB4C000C217D6 /* PBXContainerItemProxy */ = {
			isa = PBXContainerItemProxy;
			containerPortal = E8A095B12CE0941200D28E3F /* Project object */;
			proxyType = 1;
			remoteGlobalIDString = E8A095B82CE0941200D28E3F;
			remoteInfo = DBMultiverse;
		};
/* End PBXContainerItemProxy section */

/* Begin PBXCopyFilesBuildPhase section */
		E84A2CE22CFC36D400FAF001 /* Embed Frameworks */ = {
			isa = PBXCopyFilesBuildPhase;
			buildActionMask = 2147483647;
			dstPath = "";
			dstSubfolderSpec = 10;
			files = (
				E84A2CE12CFC36D400FAF001 /* NnSwiftUIKit in Embed Frameworks */,
			);
			name = "Embed Frameworks";
			runOnlyForDeploymentPostprocessing = 0;
		};
/* End PBXCopyFilesBuildPhase section */

/* Begin PBXFileReference section */
		D46C706E2D1BB4C000C217D6 /* DBMultiverseUnitTests.xctest */ = {isa = PBXFileReference; explicitFileType = wrapper.cfbundle; includeInIndex = 0; path = DBMultiverseUnitTests.xctest; sourceTree = BUILT_PRODUCTS_DIR; };
		D46C707C2D1BB50600C217D6 /* AppLauncher.swift */ = {isa = PBXFileReference; lastKnownFileType = sourcecode.swift; path = AppLauncher.swift; sourceTree = "<group>"; };
		D46C707E2D1BB55500C217D6 /* TestApp.swift */ = {isa = PBXFileReference; lastKnownFileType = sourcecode.swift; path = TestApp.swift; sourceTree = "<group>"; };
		D46C70812D1BB59600C217D6 /* UnitTestPlan.xctestplan */ = {isa = PBXFileReference; lastKnownFileType = text; path = UnitTestPlan.xctestplan; sourceTree = "<group>"; };
		D46C70832D1BB65400C217D6 /* ChapterComicViewModelTests.swift */ = {isa = PBXFileReference; lastKnownFileType = sourcecode.swift; path = ChapterComicViewModelTests.swift; sourceTree = "<group>"; };
		D49598052D0B750A00B4493F /* ChapterListView.swift */ = {isa = PBXFileReference; lastKnownFileType = sourcecode.swift; path = ChapterListView.swift; sourceTree = "<group>"; };
		D49598072D0B754600B4493F /* ChapterSection.swift */ = {isa = PBXFileReference; lastKnownFileType = sourcecode.swift; path = ChapterSection.swift; sourceTree = "<group>"; };
		D49598092D0B757600B4493F /* ComicType.swift */ = {isa = PBXFileReference; lastKnownFileType = sourcecode.swift; path = ComicType.swift; sourceTree = "<group>"; };
		D495980B2D0B75E500B4493F /* CustomAsyncImage.swift */ = {isa = PBXFileReference; lastKnownFileType = sourcecode.swift; path = CustomAsyncImage.swift; sourceTree = "<group>"; };
		D495980E2D0B762E00B4493F /* HapticButton.swift */ = {isa = PBXFileReference; lastKnownFileType = sourcecode.swift; path = HapticButton.swift; sourceTree = "<group>"; };
		D49598102D0B764000B4493F /* ZoomableImageView.swift */ = {isa = PBXFileReference; lastKnownFileType = sourcecode.swift; path = ZoomableImageView.swift; sourceTree = "<group>"; };
		D49598122D0B765600B4493F /* ChapterComicViewModel.swift */ = {isa = PBXFileReference; lastKnownFileType = sourcecode.swift; path = ChapterComicViewModel.swift; sourceTree = "<group>"; };
		D49598142D0B766E00B4493F /* ChapterComicLoaderAdapter.swift */ = {isa = PBXFileReference; lastKnownFileType = sourcecode.swift; path = ChapterComicLoaderAdapter.swift; sourceTree = "<group>"; };
		D49598172D0B82D700B4493F /* SettingsViewModel.swift */ = {isa = PBXFileReference; lastKnownFileType = sourcecode.swift; path = SettingsViewModel.swift; sourceTree = "<group>"; };
		D49598192D0B82EE00B4493F /* CachedChaptersView.swift */ = {isa = PBXFileReference; lastKnownFileType = sourcecode.swift; path = CachedChaptersView.swift; sourceTree = "<group>"; };
		D4AD50792D0A81CA00F4D874 /* ChapterComicView.swift */ = {isa = PBXFileReference; lastKnownFileType = sourcecode.swift; path = ChapterComicView.swift; sourceTree = "<group>"; };
		D4DD9B6D2D0A44A400A16227 /* FetchChapterListViewModifier.swift */ = {isa = PBXFileReference; lastKnownFileType = sourcecode.swift; path = FetchChapterListViewModifier.swift; sourceTree = "<group>"; };
		D4DD9B712D0A6EFD00A16227 /* ComicFeatureNavStack.swift */ = {isa = PBXFileReference; lastKnownFileType = sourcecode.swift; path = ComicFeatureNavStack.swift; sourceTree = "<group>"; };
		D4DD9B732D0A6F5000A16227 /* PreviewModifiersViewModifier.swift */ = {isa = PBXFileReference; lastKnownFileType = sourcecode.swift; path = PreviewModifiersViewModifier.swift; sourceTree = "<group>"; };
		D4DD9B762D0A722900A16227 /* SettingsFeatureNavStack.swift */ = {isa = PBXFileReference; lastKnownFileType = sourcecode.swift; path = SettingsFeatureNavStack.swift; sourceTree = "<group>"; };
		D4FF65822D0940A70023988F /* SwiftDataChapter.swift */ = {isa = PBXFileReference; lastKnownFileType = sourcecode.swift; path = SwiftDataChapter.swift; sourceTree = "<group>"; };
		E84A2CE32CFC435800FAF001 /* MainFeaturesTabView.swift */ = {isa = PBXFileReference; lastKnownFileType = sourcecode.swift; path = MainFeaturesTabView.swift; sourceTree = "<group>"; };
		E84A2CE52CFC463300FAF001 /* CustomError.swift */ = {isa = PBXFileReference; lastKnownFileType = sourcecode.swift; path = CustomError.swift; sourceTree = "<group>"; };
		E88C4C5E2CE32FB500CF3D0C /* Chapter.swift */ = {isa = PBXFileReference; lastKnownFileType = sourcecode.swift; path = Chapter.swift; sourceTree = "<group>"; };
		E88C4C602CE32FC600CF3D0C /* ChapterLoaderAdapter.swift */ = {isa = PBXFileReference; lastKnownFileType = sourcecode.swift; path = ChapterLoaderAdapter.swift; sourceTree = "<group>"; };
		E8A095B92CE0941200D28E3F /* DBMultiverse.app */ = {isa = PBXFileReference; explicitFileType = wrapper.application; includeInIndex = 0; path = DBMultiverse.app; sourceTree = BUILT_PRODUCTS_DIR; };
		E8A095BC2CE0941200D28E3F /* DBMultiverseApp.swift */ = {isa = PBXFileReference; lastKnownFileType = sourcecode.swift; path = DBMultiverseApp.swift; sourceTree = "<group>"; };
		E8A095C02CE0941400D28E3F /* Assets.xcassets */ = {isa = PBXFileReference; lastKnownFileType = folder.assetcatalog; path = Assets.xcassets; sourceTree = "<group>"; };
		E8A095C32CE0941400D28E3F /* Preview Assets.xcassets */ = {isa = PBXFileReference; lastKnownFileType = folder.assetcatalog; path = "Preview Assets.xcassets"; sourceTree = "<group>"; };
		E8D4ED1F2CE721CA005ED4BC /* String+Extensions.swift */ = {isa = PBXFileReference; lastKnownFileType = sourcecode.swift; path = "String+Extensions.swift"; sourceTree = "<group>"; };
/* End PBXFileReference section */

/* Begin PBXFrameworksBuildPhase section */
		D46C706B2D1BB4C000C217D6 /* Frameworks */ = {
			isa = PBXFrameworksBuildPhase;
			buildActionMask = 2147483647;
			files = (
				D46C70792D1BB4E200C217D6 /* NnTestHelpers in Frameworks */,
			);
			runOnlyForDeploymentPostprocessing = 0;
		};
		E8A095B62CE0941200D28E3F /* Frameworks */ = {
			isa = PBXFrameworksBuildPhase;
			buildActionMask = 2147483647;
			files = (
				E8A095CC2CE0944C00D28E3F /* SwiftSoup in Frameworks */,
				D46C707B2D1BB4F000C217D6 /* NnTestVariables in Frameworks */,
				E84A2CE02CFC369C00FAF001 /* NnSwiftUIKit in Frameworks */,
			);
			runOnlyForDeploymentPostprocessing = 0;
		};
/* End PBXFrameworksBuildPhase section */

/* Begin PBXGroup section */
		D46C706F2D1BB4C000C217D6 /* DBMultiverseUnitTests */ = {
			isa = PBXGroup;
			children = (
				D46C70822D1BB5B900C217D6 /* UnitTests */,
				D46C70802D1BB58A00C217D6 /* TestPlan */,
			);
			path = DBMultiverseUnitTests;
			sourceTree = "<group>";
		};
		D46C70772D1BB4E200C217D6 /* Frameworks */ = {
			isa = PBXGroup;
			children = (
			);
			name = Frameworks;
			sourceTree = "<group>";
		};
		D46C70802D1BB58A00C217D6 /* TestPlan */ = {
			isa = PBXGroup;
			children = (
				D46C70812D1BB59600C217D6 /* UnitTestPlan.xctestplan */,
			);
			path = TestPlan;
			sourceTree = "<group>";
		};
		D46C70822D1BB5B900C217D6 /* UnitTests */ = {
			isa = PBXGroup;
			children = (
				D46C70832D1BB65400C217D6 /* ChapterComicViewModelTests.swift */,
			);
			path = UnitTests;
			sourceTree = "<group>";
		};
		D49598042D0B74E300B4493F /* List */ = {
			isa = PBXGroup;
			children = (
				D49598052D0B750A00B4493F /* ChapterListView.swift */,
				D49598072D0B754600B4493F /* ChapterSection.swift */,
				D495980B2D0B75E500B4493F /* CustomAsyncImage.swift */,
			);
			path = List;
			sourceTree = "<group>";
		};
		D495980D2D0B761600B4493F /* Detail */ = {
			isa = PBXGroup;
			children = (
				D4AD50792D0A81CA00F4D874 /* ChapterComicView.swift */,
				D49598102D0B764000B4493F /* ZoomableImageView.swift */,
				D49598122D0B765600B4493F /* ChapterComicViewModel.swift */,
				D49598142D0B766E00B4493F /* ChapterComicLoaderAdapter.swift */,
			);
			path = Detail;
			sourceTree = "<group>";
		};
		D4DD9B752D0A721E00A16227 /* Settings */ = {
			isa = PBXGroup;
			children = (
				D4DD9B762D0A722900A16227 /* SettingsFeatureNavStack.swift */,
				D49598172D0B82D700B4493F /* SettingsViewModel.swift */,
				D49598192D0B82EE00B4493F /* CachedChaptersView.swift */,
			);
			path = Settings;
			sourceTree = "<group>";
		};
		D4FF65812D09408F0023988F /* SwiftData */ = {
			isa = PBXGroup;
			children = (
				D4FF65822D0940A70023988F /* SwiftDataChapter.swift */,
				D4DD9B6D2D0A44A400A16227 /* FetchChapterListViewModifier.swift */,
				D4DD9B732D0A6F5000A16227 /* PreviewModifiersViewModifier.swift */,
			);
			path = SwiftData;
			sourceTree = "<group>";
		};
		E85DBC762CE5DCA400B97513 /* Main */ = {
			isa = PBXGroup;
			children = (
				E84A2CE32CFC435800FAF001 /* MainFeaturesTabView.swift */,
				E88C4C602CE32FC600CF3D0C /* ChapterLoaderAdapter.swift */,
			);
			path = Main;
			sourceTree = "<group>";
		};
		E88C4C572CE32F6D00CF3D0C /* App */ = {
			isa = PBXGroup;
			children = (
				E8A095BC2CE0941200D28E3F /* DBMultiverseApp.swift */,
				D46C707C2D1BB50600C217D6 /* AppLauncher.swift */,
				D46C707E2D1BB55500C217D6 /* TestApp.swift */,
			);
			path = App;
			sourceTree = "<group>";
		};
		E88C4C582CE32F7200CF3D0C /* MainFeatures */ = {
			isa = PBXGroup;
			children = (
				E85DBC762CE5DCA400B97513 /* Main */,
				E8B1AFAE2CFEDCCB00BB9F9C /* Features */,
				E88C4C5D2CE32FB000CF3D0C /* Shared */,
			);
			path = MainFeatures;
			sourceTree = "<group>";
		};
		E88C4C5D2CE32FB000CF3D0C /* Shared */ = {
			isa = PBXGroup;
			children = (
				E88C4C5E2CE32FB500CF3D0C /* Chapter.swift */,
				D495980E2D0B762E00B4493F /* HapticButton.swift */,
				E8D4ED1F2CE721CA005ED4BC /* String+Extensions.swift */,
				E84A2CE52CFC463300FAF001 /* CustomError.swift */,
			);
			path = Shared;
			sourceTree = "<group>";
		};
		E88C4C622CE3300A00CF3D0C /* Sources */ = {
			isa = PBXGroup;
			children = (
				E88C4C572CE32F6D00CF3D0C /* App */,
				E88C4C582CE32F7200CF3D0C /* MainFeatures */,
				D4FF65812D09408F0023988F /* SwiftData */,
			);
			path = Sources;
			sourceTree = "<group>";
		};
		E88C4C632CE3301A00CF3D0C /* Resources */ = {
			isa = PBXGroup;
			children = (
				E8A095C02CE0941400D28E3F /* Assets.xcassets */,
			);
			path = Resources;
			sourceTree = "<group>";
		};
		E8A095B02CE0941200D28E3F = {
			isa = PBXGroup;
			children = (
				E8A095BB2CE0941200D28E3F /* DBMultiverse */,
				D46C706F2D1BB4C000C217D6 /* DBMultiverseUnitTests */,
				E8A095BA2CE0941200D28E3F /* Products */,
				D46C70772D1BB4E200C217D6 /* Frameworks */,
			);
			sourceTree = "<group>";
		};
		E8A095BA2CE0941200D28E3F /* Products */ = {
			isa = PBXGroup;
			children = (
				E8A095B92CE0941200D28E3F /* DBMultiverse.app */,
				D46C706E2D1BB4C000C217D6 /* DBMultiverseUnitTests.xctest */,
			);
			name = Products;
			sourceTree = "<group>";
		};
		E8A095BB2CE0941200D28E3F /* DBMultiverse */ = {
			isa = PBXGroup;
			children = (
				E88C4C622CE3300A00CF3D0C /* Sources */,
				E88C4C632CE3301A00CF3D0C /* Resources */,
				E8A095C22CE0941400D28E3F /* Preview Content */,
			);
			path = DBMultiverse;
			sourceTree = "<group>";
		};
		E8A095C22CE0941400D28E3F /* Preview Content */ = {
			isa = PBXGroup;
			children = (
				E8A095C32CE0941400D28E3F /* Preview Assets.xcassets */,
			);
			path = "Preview Content";
			sourceTree = "<group>";
		};
		E8B1AFAE2CFEDCCB00BB9F9C /* Features */ = {
			isa = PBXGroup;
			children = (
				E8B1AFAF2CFEDCD100BB9F9C /* Comic */,
				D4DD9B752D0A721E00A16227 /* Settings */,
			);
			path = Features;
			sourceTree = "<group>";
		};
		E8B1AFAF2CFEDCD100BB9F9C /* Comic */ = {
			isa = PBXGroup;
			children = (
				E8B1AFB22CFEE12D00BB9F9C /* Main */,
				D49598042D0B74E300B4493F /* List */,
				D495980D2D0B761600B4493F /* Detail */,
			);
			path = Comic;
			sourceTree = "<group>";
		};
		E8B1AFB22CFEE12D00BB9F9C /* Main */ = {
			isa = PBXGroup;
			children = (
				D4DD9B712D0A6EFD00A16227 /* ComicFeatureNavStack.swift */,
				D49598092D0B757600B4493F /* ComicType.swift */,
			);
			path = Main;
			sourceTree = "<group>";
		};
/* End PBXGroup section */

/* Begin PBXNativeTarget section */
		D46C706D2D1BB4C000C217D6 /* DBMultiverseUnitTests */ = {
			isa = PBXNativeTarget;
			buildConfigurationList = D46C70742D1BB4C000C217D6 /* Build configuration list for PBXNativeTarget "DBMultiverseUnitTests" */;
			buildPhases = (
				D46C706A2D1BB4C000C217D6 /* Sources */,
				D46C706B2D1BB4C000C217D6 /* Frameworks */,
				D46C706C2D1BB4C000C217D6 /* Resources */,
			);
			buildRules = (
			);
			dependencies = (
				D46C70732D1BB4C000C217D6 /* PBXTargetDependency */,
			);
			name = DBMultiverseUnitTests;
			packageProductDependencies = (
				D46C70782D1BB4E200C217D6 /* NnTestHelpers */,
			);
			productName = DBMultiverseUnitTests;
			productReference = D46C706E2D1BB4C000C217D6 /* DBMultiverseUnitTests.xctest */;
			productType = "com.apple.product-type.bundle.unit-test";
		};
		E8A095B82CE0941200D28E3F /* DBMultiverse */ = {
			isa = PBXNativeTarget;
			buildConfigurationList = E8A095C72CE0941400D28E3F /* Build configuration list for PBXNativeTarget "DBMultiverse" */;
			buildPhases = (
				E8A095B52CE0941200D28E3F /* Sources */,
				E8A095B62CE0941200D28E3F /* Frameworks */,
				E8A095B72CE0941200D28E3F /* Resources */,
				E84A2CE22CFC36D400FAF001 /* Embed Frameworks */,
			);
			buildRules = (
			);
			dependencies = (
			);
			name = DBMultiverse;
			packageProductDependencies = (
				E8A095CB2CE0944C00D28E3F /* SwiftSoup */,
				E84A2CDF2CFC369C00FAF001 /* NnSwiftUIKit */,
				D46C707A2D1BB4F000C217D6 /* NnTestVariables */,
			);
			productName = DBMultiverse;
			productReference = E8A095B92CE0941200D28E3F /* DBMultiverse.app */;
			productType = "com.apple.product-type.application";
		};
/* End PBXNativeTarget section */

/* Begin PBXProject section */
		E8A095B12CE0941200D28E3F /* Project object */ = {
			isa = PBXProject;
			attributes = {
				BuildIndependentTargetsInParallel = 1;
				LastSwiftUpdateCheck = 1510;
				LastUpgradeCheck = 1500;
				TargetAttributes = {
					D46C706D2D1BB4C000C217D6 = {
						CreatedOnToolsVersion = 15.1;
						TestTargetID = E8A095B82CE0941200D28E3F;
					};
					E8A095B82CE0941200D28E3F = {
						CreatedOnToolsVersion = 15.0.1;
					};
				};
			};
			buildConfigurationList = E8A095B42CE0941200D28E3F /* Build configuration list for PBXProject "DBMultiverse" */;
			compatibilityVersion = "Xcode 14.0";
			developmentRegion = en;
			hasScannedForEncodings = 0;
			knownRegions = (
				en,
				Base,
			);
			mainGroup = E8A095B02CE0941200D28E3F;
			packageReferences = (
				E8A095CA2CE0944C00D28E3F /* XCRemoteSwiftPackageReference "SwiftSoup" */,
				E84A2CDE2CFC369C00FAF001 /* XCRemoteSwiftPackageReference "NnSwiftUIKit" */,
				D46C70692D1BB4A700C217D6 /* XCRemoteSwiftPackageReference "NnTestKit" */,
			);
			productRefGroup = E8A095BA2CE0941200D28E3F /* Products */;
			projectDirPath = "";
			projectRoot = "";
			targets = (
				E8A095B82CE0941200D28E3F /* DBMultiverse */,
				D46C706D2D1BB4C000C217D6 /* DBMultiverseUnitTests */,
			);
		};
/* End PBXProject section */

/* Begin PBXResourcesBuildPhase section */
		D46C706C2D1BB4C000C217D6 /* Resources */ = {
			isa = PBXResourcesBuildPhase;
			buildActionMask = 2147483647;
			files = (
			);
			runOnlyForDeploymentPostprocessing = 0;
		};
		E8A095B72CE0941200D28E3F /* Resources */ = {
			isa = PBXResourcesBuildPhase;
			buildActionMask = 2147483647;
			files = (
				E8A095C42CE0941400D28E3F /* Preview Assets.xcassets in Resources */,
				E8A095C12CE0941400D28E3F /* Assets.xcassets in Resources */,
			);
			runOnlyForDeploymentPostprocessing = 0;
		};
/* End PBXResourcesBuildPhase section */

/* Begin PBXSourcesBuildPhase section */
		D46C706A2D1BB4C000C217D6 /* Sources */ = {
			isa = PBXSourcesBuildPhase;
			buildActionMask = 2147483647;
			files = (
				D46C70842D1BB65400C217D6 /* ChapterComicViewModelTests.swift in Sources */,
			);
			runOnlyForDeploymentPostprocessing = 0;
		};
		E8A095B52CE0941200D28E3F /* Sources */ = {
			isa = PBXSourcesBuildPhase;
			buildActionMask = 2147483647;
			files = (
				D49598132D0B765600B4493F /* ChapterComicViewModel.swift in Sources */,
				D49598082D0B754600B4493F /* ChapterSection.swift in Sources */,
				E8D4ED202CE721CA005ED4BC /* String+Extensions.swift in Sources */,
				D4FF65832D0940A70023988F /* SwiftDataChapter.swift in Sources */,
				D4DD9B722D0A6EFD00A16227 /* ComicFeatureNavStack.swift in Sources */,
				D49598182D0B82D700B4493F /* SettingsViewModel.swift in Sources */,
				E88C4C5F2CE32FB500CF3D0C /* Chapter.swift in Sources */,
				D495980F2D0B762E00B4493F /* HapticButton.swift in Sources */,
				D4DD9B742D0A6F5000A16227 /* PreviewModifiersViewModifier.swift in Sources */,
				E84A2CE62CFC463300FAF001 /* CustomError.swift in Sources */,
				D46C707D2D1BB50600C217D6 /* AppLauncher.swift in Sources */,
				D4DD9B6E2D0A44A400A16227 /* FetchChapterListViewModifier.swift in Sources */,
				D495980C2D0B75E500B4493F /* CustomAsyncImage.swift in Sources */,
				D49598112D0B764000B4493F /* ZoomableImageView.swift in Sources */,
				E88C4C612CE32FC600CF3D0C /* ChapterLoaderAdapter.swift in Sources */,
				E84A2CE42CFC435800FAF001 /* MainFeaturesTabView.swift in Sources */,
				D495981A2D0B82EE00B4493F /* CachedChaptersView.swift in Sources */,
				D46C707F2D1BB55500C217D6 /* TestApp.swift in Sources */,
				D4DD9B772D0A722900A16227 /* SettingsFeatureNavStack.swift in Sources */,
				D4AD507A2D0A81CA00F4D874 /* ChapterComicView.swift in Sources */,
				D49598062D0B750A00B4493F /* ChapterListView.swift in Sources */,
				D49598152D0B766E00B4493F /* ChapterComicLoaderAdapter.swift in Sources */,
				E8A095BD2CE0941200D28E3F /* DBMultiverseApp.swift in Sources */,
				D495980A2D0B757600B4493F /* ComicType.swift in Sources */,
			);
			runOnlyForDeploymentPostprocessing = 0;
		};
/* End PBXSourcesBuildPhase section */

/* Begin PBXTargetDependency section */
		D46C70732D1BB4C000C217D6 /* PBXTargetDependency */ = {
			isa = PBXTargetDependency;
			target = E8A095B82CE0941200D28E3F /* DBMultiverse */;
			targetProxy = D46C70722D1BB4C000C217D6 /* PBXContainerItemProxy */;
		};
/* End PBXTargetDependency section */

/* Begin XCBuildConfiguration section */
		D46C70752D1BB4C000C217D6 /* Debug */ = {
			isa = XCBuildConfiguration;
			buildSettings = {
				BUNDLE_LOADER = "$(TEST_HOST)";
				CODE_SIGN_STYLE = Automatic;
				CURRENT_PROJECT_VERSION = 1;
				DEVELOPMENT_TEAM = R8SJ24LQF3;
				GENERATE_INFOPLIST_FILE = YES;
				IPHONEOS_DEPLOYMENT_TARGET = 17.0;
				MARKETING_VERSION = 1.0;
				PRODUCT_BUNDLE_IDENTIFIER = com.nobadi.DBMultiverseUnitTests;
				PRODUCT_NAME = "$(TARGET_NAME)";
				SUPPORTED_PLATFORMS = "iphoneos iphonesimulator";
				SUPPORTS_MACCATALYST = NO;
				SUPPORTS_MAC_DESIGNED_FOR_IPHONE_IPAD = NO;
				SWIFT_EMIT_LOC_STRINGS = NO;
				SWIFT_VERSION = 5.0;
				TARGETED_DEVICE_FAMILY = "1,2";
				TEST_HOST = "$(BUILT_PRODUCTS_DIR)/DBMultiverse.app/$(BUNDLE_EXECUTABLE_FOLDER_PATH)/DBMultiverse";
			};
			name = Debug;
		};
		D46C70762D1BB4C000C217D6 /* Release */ = {
			isa = XCBuildConfiguration;
			buildSettings = {
				BUNDLE_LOADER = "$(TEST_HOST)";
				CODE_SIGN_STYLE = Automatic;
				CURRENT_PROJECT_VERSION = 1;
				DEVELOPMENT_TEAM = R8SJ24LQF3;
				GENERATE_INFOPLIST_FILE = YES;
				IPHONEOS_DEPLOYMENT_TARGET = 17.0;
				MARKETING_VERSION = 1.0;
				PRODUCT_BUNDLE_IDENTIFIER = com.nobadi.DBMultiverseUnitTests;
				PRODUCT_NAME = "$(TARGET_NAME)";
				SUPPORTED_PLATFORMS = "iphoneos iphonesimulator";
				SUPPORTS_MACCATALYST = NO;
				SUPPORTS_MAC_DESIGNED_FOR_IPHONE_IPAD = NO;
				SWIFT_EMIT_LOC_STRINGS = NO;
				SWIFT_VERSION = 5.0;
				TARGETED_DEVICE_FAMILY = "1,2";
				TEST_HOST = "$(BUILT_PRODUCTS_DIR)/DBMultiverse.app/$(BUNDLE_EXECUTABLE_FOLDER_PATH)/DBMultiverse";
			};
			name = Release;
		};
		E8A095C52CE0941400D28E3F /* Debug */ = {
			isa = XCBuildConfiguration;
			buildSettings = {
				ALWAYS_SEARCH_USER_PATHS = NO;
				ASSETCATALOG_COMPILER_GENERATE_SWIFT_ASSET_SYMBOL_EXTENSIONS = YES;
				CLANG_ANALYZER_NONNULL = YES;
				CLANG_ANALYZER_NUMBER_OBJECT_CONVERSION = YES_AGGRESSIVE;
				CLANG_CXX_LANGUAGE_STANDARD = "gnu++20";
				CLANG_ENABLE_MODULES = YES;
				CLANG_ENABLE_OBJC_ARC = YES;
				CLANG_ENABLE_OBJC_WEAK = YES;
				CLANG_WARN_BLOCK_CAPTURE_AUTORELEASING = YES;
				CLANG_WARN_BOOL_CONVERSION = YES;
				CLANG_WARN_COMMA = YES;
				CLANG_WARN_CONSTANT_CONVERSION = YES;
				CLANG_WARN_DEPRECATED_OBJC_IMPLEMENTATIONS = YES;
				CLANG_WARN_DIRECT_OBJC_ISA_USAGE = YES_ERROR;
				CLANG_WARN_DOCUMENTATION_COMMENTS = YES;
				CLANG_WARN_EMPTY_BODY = YES;
				CLANG_WARN_ENUM_CONVERSION = YES;
				CLANG_WARN_INFINITE_RECURSION = YES;
				CLANG_WARN_INT_CONVERSION = YES;
				CLANG_WARN_NON_LITERAL_NULL_CONVERSION = YES;
				CLANG_WARN_OBJC_IMPLICIT_RETAIN_SELF = YES;
				CLANG_WARN_OBJC_LITERAL_CONVERSION = YES;
				CLANG_WARN_OBJC_ROOT_CLASS = YES_ERROR;
				CLANG_WARN_QUOTED_INCLUDE_IN_FRAMEWORK_HEADER = YES;
				CLANG_WARN_RANGE_LOOP_ANALYSIS = YES;
				CLANG_WARN_STRICT_PROTOTYPES = YES;
				CLANG_WARN_SUSPICIOUS_MOVE = YES;
				CLANG_WARN_UNGUARDED_AVAILABILITY = YES_AGGRESSIVE;
				CLANG_WARN_UNREACHABLE_CODE = YES;
				CLANG_WARN__DUPLICATE_METHOD_MATCH = YES;
				COPY_PHASE_STRIP = NO;
				DEBUG_INFORMATION_FORMAT = dwarf;
				ENABLE_STRICT_OBJC_MSGSEND = YES;
				ENABLE_TESTABILITY = YES;
				ENABLE_USER_SCRIPT_SANDBOXING = YES;
				GCC_C_LANGUAGE_STANDARD = gnu17;
				GCC_DYNAMIC_NO_PIC = NO;
				GCC_NO_COMMON_BLOCKS = YES;
				GCC_OPTIMIZATION_LEVEL = 0;
				GCC_PREPROCESSOR_DEFINITIONS = (
					"DEBUG=1",
					"$(inherited)",
				);
				GCC_WARN_64_TO_32_BIT_CONVERSION = YES;
				GCC_WARN_ABOUT_RETURN_TYPE = YES_ERROR;
				GCC_WARN_UNDECLARED_SELECTOR = YES;
				GCC_WARN_UNINITIALIZED_AUTOS = YES_AGGRESSIVE;
				GCC_WARN_UNUSED_FUNCTION = YES;
				GCC_WARN_UNUSED_VARIABLE = YES;
				IPHONEOS_DEPLOYMENT_TARGET = 17.0;
				LOCALIZATION_PREFERS_STRING_CATALOGS = YES;
				MTL_ENABLE_DEBUG_INFO = INCLUDE_SOURCE;
				MTL_FAST_MATH = YES;
				ONLY_ACTIVE_ARCH = YES;
				SDKROOT = iphoneos;
				SWIFT_ACTIVE_COMPILATION_CONDITIONS = "DEBUG $(inherited)";
				SWIFT_OPTIMIZATION_LEVEL = "-Onone";
			};
			name = Debug;
		};
		E8A095C62CE0941400D28E3F /* Release */ = {
			isa = XCBuildConfiguration;
			buildSettings = {
				ALWAYS_SEARCH_USER_PATHS = NO;
				ASSETCATALOG_COMPILER_GENERATE_SWIFT_ASSET_SYMBOL_EXTENSIONS = YES;
				CLANG_ANALYZER_NONNULL = YES;
				CLANG_ANALYZER_NUMBER_OBJECT_CONVERSION = YES_AGGRESSIVE;
				CLANG_CXX_LANGUAGE_STANDARD = "gnu++20";
				CLANG_ENABLE_MODULES = YES;
				CLANG_ENABLE_OBJC_ARC = YES;
				CLANG_ENABLE_OBJC_WEAK = YES;
				CLANG_WARN_BLOCK_CAPTURE_AUTORELEASING = YES;
				CLANG_WARN_BOOL_CONVERSION = YES;
				CLANG_WARN_COMMA = YES;
				CLANG_WARN_CONSTANT_CONVERSION = YES;
				CLANG_WARN_DEPRECATED_OBJC_IMPLEMENTATIONS = YES;
				CLANG_WARN_DIRECT_OBJC_ISA_USAGE = YES_ERROR;
				CLANG_WARN_DOCUMENTATION_COMMENTS = YES;
				CLANG_WARN_EMPTY_BODY = YES;
				CLANG_WARN_ENUM_CONVERSION = YES;
				CLANG_WARN_INFINITE_RECURSION = YES;
				CLANG_WARN_INT_CONVERSION = YES;
				CLANG_WARN_NON_LITERAL_NULL_CONVERSION = YES;
				CLANG_WARN_OBJC_IMPLICIT_RETAIN_SELF = YES;
				CLANG_WARN_OBJC_LITERAL_CONVERSION = YES;
				CLANG_WARN_OBJC_ROOT_CLASS = YES_ERROR;
				CLANG_WARN_QUOTED_INCLUDE_IN_FRAMEWORK_HEADER = YES;
				CLANG_WARN_RANGE_LOOP_ANALYSIS = YES;
				CLANG_WARN_STRICT_PROTOTYPES = YES;
				CLANG_WARN_SUSPICIOUS_MOVE = YES;
				CLANG_WARN_UNGUARDED_AVAILABILITY = YES_AGGRESSIVE;
				CLANG_WARN_UNREACHABLE_CODE = YES;
				CLANG_WARN__DUPLICATE_METHOD_MATCH = YES;
				COPY_PHASE_STRIP = NO;
				DEBUG_INFORMATION_FORMAT = "dwarf-with-dsym";
				ENABLE_NS_ASSERTIONS = NO;
				ENABLE_STRICT_OBJC_MSGSEND = YES;
				ENABLE_USER_SCRIPT_SANDBOXING = YES;
				GCC_C_LANGUAGE_STANDARD = gnu17;
				GCC_NO_COMMON_BLOCKS = YES;
				GCC_WARN_64_TO_32_BIT_CONVERSION = YES;
				GCC_WARN_ABOUT_RETURN_TYPE = YES_ERROR;
				GCC_WARN_UNDECLARED_SELECTOR = YES;
				GCC_WARN_UNINITIALIZED_AUTOS = YES_AGGRESSIVE;
				GCC_WARN_UNUSED_FUNCTION = YES;
				GCC_WARN_UNUSED_VARIABLE = YES;
				IPHONEOS_DEPLOYMENT_TARGET = 17.0;
				LOCALIZATION_PREFERS_STRING_CATALOGS = YES;
				MTL_ENABLE_DEBUG_INFO = NO;
				MTL_FAST_MATH = YES;
				SDKROOT = iphoneos;
				SWIFT_COMPILATION_MODE = wholemodule;
				VALIDATE_PRODUCT = YES;
			};
			name = Release;
		};
		E8A095C82CE0941400D28E3F /* Debug */ = {
			isa = XCBuildConfiguration;
			buildSettings = {
				ASSETCATALOG_COMPILER_APPICON_NAME = AppIcon;
				ASSETCATALOG_COMPILER_GLOBAL_ACCENT_COLOR_NAME = AccentColor;
				CODE_SIGN_STYLE = Automatic;
				CURRENT_PROJECT_VERSION = 1;
				DEVELOPMENT_ASSET_PATHS = "\"DBMultiverse/Preview Content\"";
				DEVELOPMENT_TEAM = R8SJ24LQF3;
				ENABLE_PREVIEWS = YES;
				GENERATE_INFOPLIST_FILE = YES;
				INFOPLIST_KEY_CFBundleDisplayName = DBMultiverse;
				INFOPLIST_KEY_LSApplicationCategoryType = "public.app-category.books";
				INFOPLIST_KEY_UIApplicationSceneManifest_Generation = YES;
				INFOPLIST_KEY_UIApplicationSupportsIndirectInputEvents = YES;
				INFOPLIST_KEY_UILaunchScreen_Generation = YES;
				INFOPLIST_KEY_UISupportedInterfaceOrientations = UIInterfaceOrientationPortrait;
				INFOPLIST_KEY_UISupportedInterfaceOrientations_iPad = "UIInterfaceOrientationLandscapeLeft UIInterfaceOrientationLandscapeRight UIInterfaceOrientationPortrait UIInterfaceOrientationPortraitUpsideDown";
				LD_RUNPATH_SEARCH_PATHS = (
					"$(inherited)",
					"@executable_path/Frameworks",
				);
				MARKETING_VERSION = 0.2.0;
				PRODUCT_BUNDLE_IDENTIFIER = com.nobadi.DBMultiverse;
				PRODUCT_NAME = "$(TARGET_NAME)";
				SUPPORTED_PLATFORMS = "iphoneos iphonesimulator";
				SUPPORTS_MACCATALYST = NO;
				SUPPORTS_MAC_DESIGNED_FOR_IPHONE_IPAD = NO;
				SWIFT_EMIT_LOC_STRINGS = YES;
				SWIFT_VERSION = 5.0;
				TARGETED_DEVICE_FAMILY = "1,2";
			};
			name = Debug;
		};
		E8A095C92CE0941400D28E3F /* Release */ = {
			isa = XCBuildConfiguration;
			buildSettings = {
				ASSETCATALOG_COMPILER_APPICON_NAME = AppIcon;
				ASSETCATALOG_COMPILER_GLOBAL_ACCENT_COLOR_NAME = AccentColor;
				CODE_SIGN_STYLE = Automatic;
				CURRENT_PROJECT_VERSION = 1;
				DEVELOPMENT_ASSET_PATHS = "\"DBMultiverse/Preview Content\"";
				DEVELOPMENT_TEAM = R8SJ24LQF3;
				ENABLE_PREVIEWS = YES;
				GENERATE_INFOPLIST_FILE = YES;
				INFOPLIST_KEY_CFBundleDisplayName = DBMultiverse;
				INFOPLIST_KEY_LSApplicationCategoryType = "public.app-category.books";
				INFOPLIST_KEY_UIApplicationSceneManifest_Generation = YES;
				INFOPLIST_KEY_UIApplicationSupportsIndirectInputEvents = YES;
				INFOPLIST_KEY_UILaunchScreen_Generation = YES;
				INFOPLIST_KEY_UISupportedInterfaceOrientations = UIInterfaceOrientationPortrait;
				INFOPLIST_KEY_UISupportedInterfaceOrientations_iPad = "UIInterfaceOrientationLandscapeLeft UIInterfaceOrientationLandscapeRight UIInterfaceOrientationPortrait UIInterfaceOrientationPortraitUpsideDown";
				LD_RUNPATH_SEARCH_PATHS = (
					"$(inherited)",
					"@executable_path/Frameworks",
				);
				MARKETING_VERSION = 0.2.0;
				PRODUCT_BUNDLE_IDENTIFIER = com.nobadi.DBMultiverse;
				PRODUCT_NAME = "$(TARGET_NAME)";
				SUPPORTED_PLATFORMS = "iphoneos iphonesimulator";
				SUPPORTS_MACCATALYST = NO;
				SUPPORTS_MAC_DESIGNED_FOR_IPHONE_IPAD = NO;
				SWIFT_EMIT_LOC_STRINGS = YES;
				SWIFT_VERSION = 5.0;
				TARGETED_DEVICE_FAMILY = "1,2";
			};
			name = Release;
		};
/* End XCBuildConfiguration section */

/* Begin XCConfigurationList section */
		D46C70742D1BB4C000C217D6 /* Build configuration list for PBXNativeTarget "DBMultiverseUnitTests" */ = {
			isa = XCConfigurationList;
			buildConfigurations = (
				D46C70752D1BB4C000C217D6 /* Debug */,
				D46C70762D1BB4C000C217D6 /* Release */,
			);
			defaultConfigurationIsVisible = 0;
			defaultConfigurationName = Release;
		};
		E8A095B42CE0941200D28E3F /* Build configuration list for PBXProject "DBMultiverse" */ = {
			isa = XCConfigurationList;
			buildConfigurations = (
				E8A095C52CE0941400D28E3F /* Debug */,
				E8A095C62CE0941400D28E3F /* Release */,
			);
			defaultConfigurationIsVisible = 0;
			defaultConfigurationName = Release;
		};
		E8A095C72CE0941400D28E3F /* Build configuration list for PBXNativeTarget "DBMultiverse" */ = {
			isa = XCConfigurationList;
			buildConfigurations = (
				E8A095C82CE0941400D28E3F /* Debug */,
				E8A095C92CE0941400D28E3F /* Release */,
			);
			defaultConfigurationIsVisible = 0;
			defaultConfigurationName = Release;
		};
/* End XCConfigurationList section */

/* Begin XCRemoteSwiftPackageReference section */
		D46C70692D1BB4A700C217D6 /* XCRemoteSwiftPackageReference "NnTestKit" */ = {
			isa = XCRemoteSwiftPackageReference;
			repositoryURL = "https://github.com/nikolainobadi/NnTestKit";
			requirement = {
				kind = upToNextMajorVersion;
				minimumVersion = 1.0.0;
			};
		};
		E84A2CDE2CFC369C00FAF001 /* XCRemoteSwiftPackageReference "NnSwiftUIKit" */ = {
			isa = XCRemoteSwiftPackageReference;
			repositoryURL = "https://github.com/nikolainobadi/NnSwiftUIKit";
			requirement = {
				branch = "remove-nn-prefixes";
				kind = branch;
			};
		};
		E8A095CA2CE0944C00D28E3F /* XCRemoteSwiftPackageReference "SwiftSoup" */ = {
			isa = XCRemoteSwiftPackageReference;
			repositoryURL = "https://github.com/scinfu/SwiftSoup";
			requirement = {
				kind = upToNextMajorVersion;
				minimumVersion = 2.7.6;
			};
		};
/* End XCRemoteSwiftPackageReference section */

/* Begin XCSwiftPackageProductDependency section */
		D46C70782D1BB4E200C217D6 /* NnTestHelpers */ = {
			isa = XCSwiftPackageProductDependency;
			package = D46C70692D1BB4A700C217D6 /* XCRemoteSwiftPackageReference "NnTestKit" */;
			productName = NnTestHelpers;
		};
		D46C707A2D1BB4F000C217D6 /* NnTestVariables */ = {
			isa = XCSwiftPackageProductDependency;
			package = D46C70692D1BB4A700C217D6 /* XCRemoteSwiftPackageReference "NnTestKit" */;
			productName = NnTestVariables;
		};
		E84A2CDF2CFC369C00FAF001 /* NnSwiftUIKit */ = {
			isa = XCSwiftPackageProductDependency;
			package = E84A2CDE2CFC369C00FAF001 /* XCRemoteSwiftPackageReference "NnSwiftUIKit" */;
			productName = NnSwiftUIKit;
		};
		E8A095CB2CE0944C00D28E3F /* SwiftSoup */ = {
			isa = XCSwiftPackageProductDependency;
			package = E8A095CA2CE0944C00D28E3F /* XCRemoteSwiftPackageReference "SwiftSoup" */;
			productName = SwiftSoup;
		};
/* End XCSwiftPackageProductDependency section */
	};
	rootObject = E8A095B12CE0941200D28E3F /* Project object */;
}
