// !$*UTF8*$!
{
	archiveVersion = 1;
	classes = {
	};
	objectVersion = 70;
	objects = {

/* Begin PBXBuildFile section */
		D45F17562D2E0519006362E8 /* DBMultiverseComicKit in Frameworks */ = {isa = PBXBuildFile; productRef = D45F17552D2E0519006362E8 /* DBMultiverseComicKit */; };
		D46C70792D1BB4E200C217D6 /* NnTestHelpers in Frameworks */ = {isa = PBXBuildFile; productRef = D46C70782D1BB4E200C217D6 /* NnTestHelpers */; };
		D46C707B2D1BB4F000C217D6 /* NnTestVariables in Frameworks */ = {isa = PBXBuildFile; productRef = D46C707A2D1BB4F000C217D6 /* NnTestVariables */; };
		D47D00EE2D2F4A050064FEB2 /* WidgetKit.framework in Frameworks */ = {isa = PBXBuildFile; fileRef = D47D00ED2D2F4A050064FEB2 /* WidgetKit.framework */; };
		D47D00F02D2F4A050064FEB2 /* SwiftUI.framework in Frameworks */ = {isa = PBXBuildFile; fileRef = D47D00EF2D2F4A050064FEB2 /* SwiftUI.framework */; };
		D47D00F32D2F4A050064FEB2 /* DBMultiverseWidgetsBundle.swift in Sources */ = {isa = PBXBuildFile; fileRef = D47D00F22D2F4A050064FEB2 /* DBMultiverseWidgetsBundle.swift */; };
		D47D00F52D2F4A050064FEB2 /* DBMultiverseWidgets.swift in Sources */ = {isa = PBXBuildFile; fileRef = D47D00F42D2F4A050064FEB2 /* DBMultiverseWidgets.swift */; };
		D47D00F72D2F4A060064FEB2 /* Assets.xcassets in Resources */ = {isa = PBXBuildFile; fileRef = D47D00F62D2F4A060064FEB2 /* Assets.xcassets */; };
		D47D00FB2D2F4A060064FEB2 /* DBMultiverseWidgetsExtension.appex in Embed Foundation Extensions */ = {isa = PBXBuildFile; fileRef = D47D00EC2D2F4A050064FEB2 /* DBMultiverseWidgetsExtension.appex */; settings = {ATTRIBUTES = (RemoveHeadersOnCopy, ); }; };
		D47D01052D2F58240064FEB2 /* Provider.swift in Sources */ = {isa = PBXBuildFile; fileRef = D47D01042D2F58240064FEB2 /* Provider.swift */; };
		D47D01072D2F58480064FEB2 /* ComicImageEntry.swift in Sources */ = {isa = PBXBuildFile; fileRef = D47D01062D2F58480064FEB2 /* ComicImageEntry.swift */; };
		D47D01092D2F589D0064FEB2 /* SmallWidgetView.swift in Sources */ = {isa = PBXBuildFile; fileRef = D47D01082D2F589D0064FEB2 /* SmallWidgetView.swift */; };
		D47D010B2D2F58C90064FEB2 /* MediumWidgetView.swift in Sources */ = {isa = PBXBuildFile; fileRef = D47D010A2D2F58C90064FEB2 /* MediumWidgetView.swift */; };
		D47D010D2D2F60310064FEB2 /* DBMultiverseComicKit in Frameworks */ = {isa = PBXBuildFile; productRef = D47D010C2D2F60310064FEB2 /* DBMultiverseComicKit */; };
		D4A701972DA1C890008D3530 /* NnSwiftDataKit in Frameworks */ = {isa = PBXBuildFile; productRef = D4A701962DA1C890008D3530 /* NnSwiftDataKit */; };
		D4E498292D31A8ED007F6E1A /* DBMultiverseParseKit in Frameworks */ = {isa = PBXBuildFile; productRef = D4E498282D31A8ED007F6E1A /* DBMultiverseParseKit */; };
/* End PBXBuildFile section */

/* Begin PBXContainerItemProxy section */
		D46C70722D1BB4C000C217D6 /* PBXContainerItemProxy */ = {
			isa = PBXContainerItemProxy;
			containerPortal = E8A095B12CE0941200D28E3F /* Project object */;
			proxyType = 1;
			remoteGlobalIDString = E8A095B82CE0941200D28E3F;
			remoteInfo = DBMultiverse;
		};
		D47D00F92D2F4A060064FEB2 /* PBXContainerItemProxy */ = {
			isa = PBXContainerItemProxy;
			containerPortal = E8A095B12CE0941200D28E3F /* Project object */;
			proxyType = 1;
			remoteGlobalIDString = D47D00EB2D2F4A050064FEB2;
			remoteInfo = DBMultiverseWidgetsExtension;
		};
/* End PBXContainerItemProxy section */

/* Begin PBXCopyFilesBuildPhase section */
		D47D00FC2D2F4A060064FEB2 /* Embed Foundation Extensions */ = {
			isa = PBXCopyFilesBuildPhase;
			buildActionMask = 2147483647;
			dstPath = "";
			dstSubfolderSpec = 13;
			files = (
				D47D00FB2D2F4A060064FEB2 /* DBMultiverseWidgetsExtension.appex in Embed Foundation Extensions */,
			);
			name = "Embed Foundation Extensions";
			runOnlyForDeploymentPostprocessing = 0;
		};
		E84A2CE22CFC36D400FAF001 /* Embed Frameworks */ = {
			isa = PBXCopyFilesBuildPhase;
			buildActionMask = 2147483647;
			dstPath = "";
			dstSubfolderSpec = 10;
			files = (
			);
			name = "Embed Frameworks";
			runOnlyForDeploymentPostprocessing = 0;
		};
/* End PBXCopyFilesBuildPhase section */

/* Begin PBXFileReference section */
		D408B02C2D2F69380006ECC6 /* DBMultiverseWidgetsExtension.entitlements */ = {isa = PBXFileReference; lastKnownFileType = text.plist.entitlements; path = DBMultiverseWidgetsExtension.entitlements; sourceTree = "<group>"; };
		D46C706E2D1BB4C000C217D6 /* DBMultiverseUnitTests.xctest */ = {isa = PBXFileReference; explicitFileType = wrapper.cfbundle; includeInIndex = 0; path = DBMultiverseUnitTests.xctest; sourceTree = BUILT_PRODUCTS_DIR; };
		D47D00EC2D2F4A050064FEB2 /* DBMultiverseWidgetsExtension.appex */ = {isa = PBXFileReference; explicitFileType = "wrapper.app-extension"; includeInIndex = 0; path = DBMultiverseWidgetsExtension.appex; sourceTree = BUILT_PRODUCTS_DIR; };
		D47D00ED2D2F4A050064FEB2 /* WidgetKit.framework */ = {isa = PBXFileReference; lastKnownFileType = wrapper.framework; name = WidgetKit.framework; path = System/Library/Frameworks/WidgetKit.framework; sourceTree = SDKROOT; };
		D47D00EF2D2F4A050064FEB2 /* SwiftUI.framework */ = {isa = PBXFileReference; lastKnownFileType = wrapper.framework; name = SwiftUI.framework; path = System/Library/Frameworks/SwiftUI.framework; sourceTree = SDKROOT; };
		D47D00F22D2F4A050064FEB2 /* DBMultiverseWidgetsBundle.swift */ = {isa = PBXFileReference; lastKnownFileType = sourcecode.swift; path = DBMultiverseWidgetsBundle.swift; sourceTree = "<group>"; };
		D47D00F42D2F4A050064FEB2 /* DBMultiverseWidgets.swift */ = {isa = PBXFileReference; lastKnownFileType = sourcecode.swift; path = DBMultiverseWidgets.swift; sourceTree = "<group>"; };
		D47D00F62D2F4A060064FEB2 /* Assets.xcassets */ = {isa = PBXFileReference; lastKnownFileType = folder.assetcatalog; path = Assets.xcassets; sourceTree = "<group>"; };
		D47D00F82D2F4A060064FEB2 /* Info.plist */ = {isa = PBXFileReference; lastKnownFileType = text.plist.xml; path = Info.plist; sourceTree = "<group>"; };
		D47D01042D2F58240064FEB2 /* Provider.swift */ = {isa = PBXFileReference; lastKnownFileType = sourcecode.swift; path = Provider.swift; sourceTree = "<group>"; };
		D47D01062D2F58480064FEB2 /* ComicImageEntry.swift */ = {isa = PBXFileReference; lastKnownFileType = sourcecode.swift; path = ComicImageEntry.swift; sourceTree = "<group>"; };
		D47D01082D2F589D0064FEB2 /* SmallWidgetView.swift */ = {isa = PBXFileReference; lastKnownFileType = sourcecode.swift; path = SmallWidgetView.swift; sourceTree = "<group>"; };
		D47D010A2D2F58C90064FEB2 /* MediumWidgetView.swift */ = {isa = PBXFileReference; lastKnownFileType = sourcecode.swift; path = MediumWidgetView.swift; sourceTree = "<group>"; };
		D4E498272D31A4E5007F6E1A /* DBMultiverseParseKit */ = {isa = PBXFileReference; lastKnownFileType = wrapper; path = DBMultiverseParseKit; sourceTree = "<group>"; };
		D4F6F48B2D2DF73C00A27411 /* DBMultiverseComicKit */ = {isa = PBXFileReference; lastKnownFileType = wrapper; path = DBMultiverseComicKit; sourceTree = "<group>"; };
		E8A095B92CE0941200D28E3F /* DBMultiverse.app */ = {isa = PBXFileReference; explicitFileType = wrapper.application; includeInIndex = 0; path = DBMultiverse.app; sourceTree = BUILT_PRODUCTS_DIR; };
/* End PBXFileReference section */

/* Begin PBXFileSystemSynchronizedBuildFileExceptionSet section */
		D4D934CD2E6E05E50024A6E9 /* PBXFileSystemSynchronizedBuildFileExceptionSet */ = {
			isa = PBXFileSystemSynchronizedBuildFileExceptionSet;
			membershipExceptions = (
				TestPlan/UnitTestPlan.xctestplan,
			);
			target = D46C706D2D1BB4C000C217D6 /* DBMultiverseUnitTests */;
		};
/* End PBXFileSystemSynchronizedBuildFileExceptionSet section */

/* Begin PBXFileSystemSynchronizedRootGroup section */
		D4D934962E6E05E20024A6E9 /* DBMultiverse */ = {isa = PBXFileSystemSynchronizedRootGroup; explicitFileTypes = {}; explicitFolders = (); path = DBMultiverse; sourceTree = "<group>"; };
		D4D934C82E6E05E50024A6E9 /* DBMultiverseUnitTests */ = {isa = PBXFileSystemSynchronizedRootGroup; exceptions = (D4D934CD2E6E05E50024A6E9 /* PBXFileSystemSynchronizedBuildFileExceptionSet */, ); explicitFileTypes = {}; explicitFolders = (); path = DBMultiverseUnitTests; sourceTree = "<group>"; };
/* End PBXFileSystemSynchronizedRootGroup section */

/* Begin PBXFrameworksBuildPhase section */
		D46C706B2D1BB4C000C217D6 /* Frameworks */ = {
			isa = PBXFrameworksBuildPhase;
			buildActionMask = 2147483647;
			files = (
				D46C70792D1BB4E200C217D6 /* NnTestHelpers in Frameworks */,
			);
			runOnlyForDeploymentPostprocessing = 0;
		};
		D47D00E92D2F4A050064FEB2 /* Frameworks */ = {
			isa = PBXFrameworksBuildPhase;
			buildActionMask = 2147483647;
			files = (
				D47D00F02D2F4A050064FEB2 /* SwiftUI.framework in Frameworks */,
				D47D00EE2D2F4A050064FEB2 /* WidgetKit.framework in Frameworks */,
				D47D010D2D2F60310064FEB2 /* DBMultiverseComicKit in Frameworks */,
			);
			runOnlyForDeploymentPostprocessing = 0;
		};
		E8A095B62CE0941200D28E3F /* Frameworks */ = {
			isa = PBXFrameworksBuildPhase;
			buildActionMask = 2147483647;
			files = (
				D4E498292D31A8ED007F6E1A /* DBMultiverseParseKit in Frameworks */,
				D45F17562D2E0519006362E8 /* DBMultiverseComicKit in Frameworks */,
				D4A701972DA1C890008D3530 /* NnSwiftDataKit in Frameworks */,
				D46C707B2D1BB4F000C217D6 /* NnTestVariables in Frameworks */,
			);
			runOnlyForDeploymentPostprocessing = 0;
		};
/* End PBXFrameworksBuildPhase section */

/* Begin PBXGroup section */
		D408B02F2D2F6EBB0006ECC6 /* WidgetViews */ = {
			isa = PBXGroup;
			children = (
				D47D010A2D2F58C90064FEB2 /* MediumWidgetView.swift */,
				D47D01082D2F589D0064FEB2 /* SmallWidgetView.swift */,
			);
			path = WidgetViews;
			sourceTree = "<group>";
		};
		D408B0302D2F6EC40006ECC6 /* Widget */ = {
			isa = PBXGroup;
			children = (
				D47D01042D2F58240064FEB2 /* Provider.swift */,
				D47D01062D2F58480064FEB2 /* ComicImageEntry.swift */,
				D47D00F42D2F4A050064FEB2 /* DBMultiverseWidgets.swift */,
			);
			path = Widget;
			sourceTree = "<group>";
		};
		D408B0312D2F6EFB0006ECC6 /* Main */ = {
			isa = PBXGroup;
			children = (
				D47D00F22D2F4A050064FEB2 /* DBMultiverseWidgetsBundle.swift */,
			);
			path = Main;
			sourceTree = "<group>";
		};
		D46C70772D1BB4E200C217D6 /* Frameworks */ = {
			isa = PBXGroup;
			children = (
				D47D00ED2D2F4A050064FEB2 /* WidgetKit.framework */,
				D47D00EF2D2F4A050064FEB2 /* SwiftUI.framework */,
			);
			name = Frameworks;
			sourceTree = "<group>";
		};
		D47D00F12D2F4A050064FEB2 /* DBMultiverseWidgets */ = {
			isa = PBXGroup;
			children = (
				D47D01002D2F4A280064FEB2 /* Sources */,
				D47D01012D2F4A2B0064FEB2 /* Resources */,
			);
			path = DBMultiverseWidgets;
			sourceTree = "<group>";
		};
		D47D01002D2F4A280064FEB2 /* Sources */ = {
			isa = PBXGroup;
			children = (
				D408B0312D2F6EFB0006ECC6 /* Main */,
				D408B0302D2F6EC40006ECC6 /* Widget */,
				D408B02F2D2F6EBB0006ECC6 /* WidgetViews */,
			);
			path = Sources;
			sourceTree = "<group>";
		};
		D47D01012D2F4A2B0064FEB2 /* Resources */ = {
			isa = PBXGroup;
			children = (
				D47D00F82D2F4A060064FEB2 /* Info.plist */,
				D47D00F62D2F4A060064FEB2 /* Assets.xcassets */,
				D408B02C2D2F69380006ECC6 /* DBMultiverseWidgetsExtension.entitlements */,
			);
			path = Resources;
			sourceTree = "<group>";
		};
		E8A095B02CE0941200D28E3F = {
			isa = PBXGroup;
			children = (
				D4D934962E6E05E20024A6E9 /* DBMultiverse */,
				D4D934C82E6E05E50024A6E9 /* DBMultiverseUnitTests */,
				D4E498272D31A4E5007F6E1A /* DBMultiverseParseKit */,
				D4F6F48B2D2DF73C00A27411 /* DBMultiverseComicKit */,
				D47D00F12D2F4A050064FEB2 /* DBMultiverseWidgets */,
				E8A095BA2CE0941200D28E3F /* Products */,
				D46C70772D1BB4E200C217D6 /* Frameworks */,
			);
			sourceTree = "<group>";
		};
		E8A095BA2CE0941200D28E3F /* Products */ = {
			isa = PBXGroup;
			children = (
				E8A095B92CE0941200D28E3F /* DBMultiverse.app */,
				D46C706E2D1BB4C000C217D6 /* DBMultiverseUnitTests.xctest */,
				D47D00EC2D2F4A050064FEB2 /* DBMultiverseWidgetsExtension.appex */,
			);
			name = Products;
			sourceTree = "<group>";
		};
/* End PBXGroup section */

/* Begin PBXNativeTarget section */
		D46C706D2D1BB4C000C217D6 /* DBMultiverseUnitTests */ = {
			isa = PBXNativeTarget;
			buildConfigurationList = D46C70742D1BB4C000C217D6 /* Build configuration list for PBXNativeTarget "DBMultiverseUnitTests" */;
			buildPhases = (
				D46C706A2D1BB4C000C217D6 /* Sources */,
				D46C706B2D1BB4C000C217D6 /* Frameworks */,
				D46C706C2D1BB4C000C217D6 /* Resources */,
			);
			buildRules = (
			);
			dependencies = (
				D46C70732D1BB4C000C217D6 /* PBXTargetDependency */,
			);
			fileSystemSynchronizedGroups = (
				D4D934C82E6E05E50024A6E9 /* DBMultiverseUnitTests */,
			);
			name = DBMultiverseUnitTests;
			packageProductDependencies = (
				D46C70782D1BB4E200C217D6 /* NnTestHelpers */,
			);
			productName = DBMultiverseUnitTests;
			productReference = D46C706E2D1BB4C000C217D6 /* DBMultiverseUnitTests.xctest */;
			productType = "com.apple.product-type.bundle.unit-test";
		};
		D47D00EB2D2F4A050064FEB2 /* DBMultiverseWidgetsExtension */ = {
			isa = PBXNativeTarget;
			buildConfigurationList = D47D00FF2D2F4A060064FEB2 /* Build configuration list for PBXNativeTarget "DBMultiverseWidgetsExtension" */;
			buildPhases = (
				D47D00E82D2F4A050064FEB2 /* Sources */,
				D47D00E92D2F4A050064FEB2 /* Frameworks */,
				D47D00EA2D2F4A050064FEB2 /* Resources */,
			);
			buildRules = (
			);
			dependencies = (
			);
			name = DBMultiverseWidgetsExtension;
			packageProductDependencies = (
				D47D010C2D2F60310064FEB2 /* DBMultiverseComicKit */,
			);
			productName = DBMultiverseWidgetsExtension;
			productReference = D47D00EC2D2F4A050064FEB2 /* DBMultiverseWidgetsExtension.appex */;
			productType = "com.apple.product-type.app-extension";
		};
		E8A095B82CE0941200D28E3F /* DBMultiverse */ = {
			isa = PBXNativeTarget;
			buildConfigurationList = E8A095C72CE0941400D28E3F /* Build configuration list for PBXNativeTarget "DBMultiverse" */;
			buildPhases = (
				E8A095B52CE0941200D28E3F /* Sources */,
				E8A095B62CE0941200D28E3F /* Frameworks */,
				E8A095B72CE0941200D28E3F /* Resources */,
				E84A2CE22CFC36D400FAF001 /* Embed Frameworks */,
				D47D00FC2D2F4A060064FEB2 /* Embed Foundation Extensions */,
			);
			buildRules = (
			);
			dependencies = (
				D47D00FA2D2F4A060064FEB2 /* PBXTargetDependency */,
			);
			fileSystemSynchronizedGroups = (
				D4D934962E6E05E20024A6E9 /* DBMultiverse */,
			);
			name = DBMultiverse;
			packageProductDependencies = (
				D46C707A2D1BB4F000C217D6 /* NnTestVariables */,
				D45F17552D2E0519006362E8 /* DBMultiverseComicKit */,
				D4E498282D31A8ED007F6E1A /* DBMultiverseParseKit */,
				D4A701962DA1C890008D3530 /* NnSwiftDataKit */,
			);
			productName = DBMultiverse;
			productReference = E8A095B92CE0941200D28E3F /* DBMultiverse.app */;
			productType = "com.apple.product-type.application";
		};
/* End PBXNativeTarget section */

/* Begin PBXProject section */
		E8A095B12CE0941200D28E3F /* Project object */ = {
			isa = PBXProject;
			attributes = {
				BuildIndependentTargetsInParallel = 1;
				LastSwiftUpdateCheck = 1510;
				LastUpgradeCheck = 1620;
				TargetAttributes = {
					D46C706D2D1BB4C000C217D6 = {
						CreatedOnToolsVersion = 15.1;
						LastSwiftMigration = 1510;
						TestTargetID = E8A095B82CE0941200D28E3F;
					};
					D47D00EB2D2F4A050064FEB2 = {
						CreatedOnToolsVersion = 15.1;
					};
					E8A095B82CE0941200D28E3F = {
						CreatedOnToolsVersion = 15.0.1;
					};
				};
			};
			buildConfigurationList = E8A095B42CE0941200D28E3F /* Build configuration list for PBXProject "DBMultiverse" */;
			compatibilityVersion = "Xcode 14.0";
			developmentRegion = en;
			hasScannedForEncodings = 0;
			knownRegions = (
				en,
				Base,
			);
			mainGroup = E8A095B02CE0941200D28E3F;
			packageReferences = (
				D46C70692D1BB4A700C217D6 /* XCRemoteSwiftPackageReference "NnTestKit" */,
				D4A701952DA1C890008D3530 /* XCRemoteSwiftPackageReference "NnSwiftDataKit" */,
			);
			productRefGroup = E8A095BA2CE0941200D28E3F /* Products */;
			projectDirPath = "";
			projectRoot = "";
			targets = (
				E8A095B82CE0941200D28E3F /* DBMultiverse */,
				D46C706D2D1BB4C000C217D6 /* DBMultiverseUnitTests */,
				D47D00EB2D2F4A050064FEB2 /* DBMultiverseWidgetsExtension */,
			);
		};
/* End PBXProject section */

/* Begin PBXResourcesBuildPhase section */
		D46C706C2D1BB4C000C217D6 /* Resources */ = {
			isa = PBXResourcesBuildPhase;
			buildActionMask = 2147483647;
			files = (
			);
			runOnlyForDeploymentPostprocessing = 0;
		};
		D47D00EA2D2F4A050064FEB2 /* Resources */ = {
			isa = PBXResourcesBuildPhase;
			buildActionMask = 2147483647;
			files = (
				D47D00F72D2F4A060064FEB2 /* Assets.xcassets in Resources */,
			);
			runOnlyForDeploymentPostprocessing = 0;
		};
		E8A095B72CE0941200D28E3F /* Resources */ = {
			isa = PBXResourcesBuildPhase;
			buildActionMask = 2147483647;
			files = (
			);
			runOnlyForDeploymentPostprocessing = 0;
		};
/* End PBXResourcesBuildPhase section */

/* Begin PBXSourcesBuildPhase section */
		D46C706A2D1BB4C000C217D6 /* Sources */ = {
			isa = PBXSourcesBuildPhase;
			buildActionMask = 2147483647;
			files = (
			);
			runOnlyForDeploymentPostprocessing = 0;
		};
		D47D00E82D2F4A050064FEB2 /* Sources */ = {
			isa = PBXSourcesBuildPhase;
			buildActionMask = 2147483647;
			files = (
				D47D01072D2F58480064FEB2 /* ComicImageEntry.swift in Sources */,
				D47D01052D2F58240064FEB2 /* Provider.swift in Sources */,
				D47D010B2D2F58C90064FEB2 /* MediumWidgetView.swift in Sources */,
				D47D00F32D2F4A050064FEB2 /* DBMultiverseWidgetsBundle.swift in Sources */,
				D47D00F52D2F4A050064FEB2 /* DBMultiverseWidgets.swift in Sources */,
				D47D01092D2F589D0064FEB2 /* SmallWidgetView.swift in Sources */,
			);
			runOnlyForDeploymentPostprocessing = 0;
		};
		E8A095B52CE0941200D28E3F /* Sources */ = {
			isa = PBXSourcesBuildPhase;
			buildActionMask = 2147483647;
			files = (
			);
			runOnlyForDeploymentPostprocessing = 0;
		};
/* End PBXSourcesBuildPhase section */

/* Begin PBXTargetDependency section */
		D46C70732D1BB4C000C217D6 /* PBXTargetDependency */ = {
			isa = PBXTargetDependency;
			target = E8A095B82CE0941200D28E3F /* DBMultiverse */;
			targetProxy = D46C70722D1BB4C000C217D6 /* PBXContainerItemProxy */;
		};
		D47D00FA2D2F4A060064FEB2 /* PBXTargetDependency */ = {
			isa = PBXTargetDependency;
			target = D47D00EB2D2F4A050064FEB2 /* DBMultiverseWidgetsExtension */;
			targetProxy = D47D00F92D2F4A060064FEB2 /* PBXContainerItemProxy */;
		};
/* End PBXTargetDependency section */

/* Begin XCBuildConfiguration section */
		D46C70752D1BB4C000C217D6 /* Debug */ = {
			isa = XCBuildConfiguration;
			buildSettings = {
				BUNDLE_LOADER = "$(TEST_HOST)";
				CLANG_ENABLE_MODULES = YES;
				CODE_SIGN_STYLE = Automatic;
				CURRENT_PROJECT_VERSION = 1;
				DEVELOPMENT_TEAM = R8SJ24LQF3;
				GENERATE_INFOPLIST_FILE = YES;
				IPHONEOS_DEPLOYMENT_TARGET = 17.0;
				MARKETING_VERSION = 1.0;
				PRODUCT_BUNDLE_IDENTIFIER = com.nobadi.DBMultiverseUnitTests;
				PRODUCT_NAME = "$(TARGET_NAME)";
				SUPPORTED_PLATFORMS = "iphoneos iphonesimulator";
				SUPPORTS_MACCATALYST = NO;
				SUPPORTS_MAC_DESIGNED_FOR_IPHONE_IPAD = NO;
				SWIFT_EMIT_LOC_STRINGS = NO;
				SWIFT_OPTIMIZATION_LEVEL = "-Onone";
				SWIFT_VERSION = 5.0;
				TARGETED_DEVICE_FAMILY = "1,2";
				TEST_HOST = "$(BUILT_PRODUCTS_DIR)/DBMultiverse.app/$(BUNDLE_EXECUTABLE_FOLDER_PATH)/DBMultiverse";
			};
			name = Debug;
		};
		D46C70762D1BB4C000C217D6 /* Release */ = {
			isa = XCBuildConfiguration;
			buildSettings = {
				BUNDLE_LOADER = "$(TEST_HOST)";
				CLANG_ENABLE_MODULES = YES;
				CODE_SIGN_STYLE = Automatic;
				CURRENT_PROJECT_VERSION = 1;
				DEVELOPMENT_TEAM = R8SJ24LQF3;
				GENERATE_INFOPLIST_FILE = YES;
				IPHONEOS_DEPLOYMENT_TARGET = 17.0;
				MARKETING_VERSION = 1.0;
				PRODUCT_BUNDLE_IDENTIFIER = com.nobadi.DBMultiverseUnitTests;
				PRODUCT_NAME = "$(TARGET_NAME)";
				SUPPORTED_PLATFORMS = "iphoneos iphonesimulator";
				SUPPORTS_MACCATALYST = NO;
				SUPPORTS_MAC_DESIGNED_FOR_IPHONE_IPAD = NO;
				SWIFT_EMIT_LOC_STRINGS = NO;
				SWIFT_VERSION = 5.0;
				TARGETED_DEVICE_FAMILY = "1,2";
				TEST_HOST = "$(BUILT_PRODUCTS_DIR)/DBMultiverse.app/$(BUNDLE_EXECUTABLE_FOLDER_PATH)/DBMultiverse";
			};
			name = Release;
		};
		D47D00FD2D2F4A060064FEB2 /* Debug */ = {
			isa = XCBuildConfiguration;
			buildSettings = {
				ASSETCATALOG_COMPILER_GLOBAL_ACCENT_COLOR_NAME = AccentColor;
				ASSETCATALOG_COMPILER_WIDGET_BACKGROUND_COLOR_NAME = WidgetBackground;
				CODE_SIGN_ENTITLEMENTS = DBMultiverseWidgets/Resources/DBMultiverseWidgetsExtension.entitlements;
				CODE_SIGN_STYLE = Automatic;
				CURRENT_PROJECT_VERSION = 1;
				DEVELOPMENT_TEAM = R8SJ24LQF3;
				GENERATE_INFOPLIST_FILE = YES;
				INFOPLIST_FILE = DBMultiverseWidgets/Resources/Info.plist;
				INFOPLIST_KEY_CFBundleDisplayName = DBMultiverseWidgets;
				INFOPLIST_KEY_NSHumanReadableCopyright = "";
				IPHONEOS_DEPLOYMENT_TARGET = 17.0;
				LD_RUNPATH_SEARCH_PATHS = (
					"$(inherited)",
					"@executable_path/Frameworks",
					"@executable_path/../../Frameworks",
				);
				MARKETING_VERSION = 1.0.1;
				PRODUCT_BUNDLE_IDENTIFIER = com.nobadi.DBMultiverse.DBMultiverseWidgets;
				PRODUCT_NAME = "$(TARGET_NAME)";
				SKIP_INSTALL = YES;
				SUPPORTED_PLATFORMS = "iphoneos iphonesimulator";
				SUPPORTS_MACCATALYST = NO;
				SUPPORTS_MAC_DESIGNED_FOR_IPHONE_IPAD = NO;
				SWIFT_EMIT_LOC_STRINGS = YES;
				SWIFT_VERSION = 5.0;
				TARGETED_DEVICE_FAMILY = "1,2";
			};
			name = Debug;
		};
		D47D00FE2D2F4A060064FEB2 /* Release */ = {
			isa = XCBuildConfiguration;
			buildSettings = {
				ASSETCATALOG_COMPILER_GLOBAL_ACCENT_COLOR_NAME = AccentColor;
				ASSETCATALOG_COMPILER_WIDGET_BACKGROUND_COLOR_NAME = WidgetBackground;
				CODE_SIGN_ENTITLEMENTS = DBMultiverseWidgets/Resources/DBMultiverseWidgetsExtension.entitlements;
				CODE_SIGN_STYLE = Automatic;
				CURRENT_PROJECT_VERSION = 1;
				DEVELOPMENT_TEAM = R8SJ24LQF3;
				GENERATE_INFOPLIST_FILE = YES;
				INFOPLIST_FILE = DBMultiverseWidgets/Resources/Info.plist;
				INFOPLIST_KEY_CFBundleDisplayName = DBMultiverseWidgets;
				INFOPLIST_KEY_NSHumanReadableCopyright = "";
				IPHONEOS_DEPLOYMENT_TARGET = 17.0;
				LD_RUNPATH_SEARCH_PATHS = (
					"$(inherited)",
					"@executable_path/Frameworks",
					"@executable_path/../../Frameworks",
				);
				MARKETING_VERSION = 1.0.1;
				PRODUCT_BUNDLE_IDENTIFIER = com.nobadi.DBMultiverse.DBMultiverseWidgets;
				PRODUCT_NAME = "$(TARGET_NAME)";
				SKIP_INSTALL = YES;
				SUPPORTED_PLATFORMS = "iphoneos iphonesimulator";
				SUPPORTS_MACCATALYST = NO;
				SUPPORTS_MAC_DESIGNED_FOR_IPHONE_IPAD = NO;
				SWIFT_EMIT_LOC_STRINGS = YES;
				SWIFT_VERSION = 5.0;
				TARGETED_DEVICE_FAMILY = "1,2";
			};
			name = Release;
		};
		E8A095C52CE0941400D28E3F /* Debug */ = {
			isa = XCBuildConfiguration;
			buildSettings = {
				ALWAYS_SEARCH_USER_PATHS = NO;
				ASSETCATALOG_COMPILER_GENERATE_SWIFT_ASSET_SYMBOL_EXTENSIONS = YES;
				CLANG_ANALYZER_NONNULL = YES;
				CLANG_ANALYZER_NUMBER_OBJECT_CONVERSION = YES_AGGRESSIVE;
				CLANG_CXX_LANGUAGE_STANDARD = "gnu++20";
				CLANG_ENABLE_MODULES = YES;
				CLANG_ENABLE_OBJC_ARC = YES;
				CLANG_ENABLE_OBJC_WEAK = YES;
				CLANG_WARN_BLOCK_CAPTURE_AUTORELEASING = YES;
				CLANG_WARN_BOOL_CONVERSION = YES;
				CLANG_WARN_COMMA = YES;
				CLANG_WARN_CONSTANT_CONVERSION = YES;
				CLANG_WARN_DEPRECATED_OBJC_IMPLEMENTATIONS = YES;
				CLANG_WARN_DIRECT_OBJC_ISA_USAGE = YES_ERROR;
				CLANG_WARN_DOCUMENTATION_COMMENTS = YES;
				CLANG_WARN_EMPTY_BODY = YES;
				CLANG_WARN_ENUM_CONVERSION = YES;
				CLANG_WARN_INFINITE_RECURSION = YES;
				CLANG_WARN_INT_CONVERSION = YES;
				CLANG_WARN_NON_LITERAL_NULL_CONVERSION = YES;
				CLANG_WARN_OBJC_IMPLICIT_RETAIN_SELF = YES;
				CLANG_WARN_OBJC_LITERAL_CONVERSION = YES;
				CLANG_WARN_OBJC_ROOT_CLASS = YES_ERROR;
				CLANG_WARN_QUOTED_INCLUDE_IN_FRAMEWORK_HEADER = YES;
				CLANG_WARN_RANGE_LOOP_ANALYSIS = YES;
				CLANG_WARN_STRICT_PROTOTYPES = YES;
				CLANG_WARN_SUSPICIOUS_MOVE = YES;
				CLANG_WARN_UNGUARDED_AVAILABILITY = YES_AGGRESSIVE;
				CLANG_WARN_UNREACHABLE_CODE = YES;
				CLANG_WARN__DUPLICATE_METHOD_MATCH = YES;
				COPY_PHASE_STRIP = NO;
				DEBUG_INFORMATION_FORMAT = dwarf;
				ENABLE_STRICT_OBJC_MSGSEND = YES;
				ENABLE_TESTABILITY = YES;
				ENABLE_USER_SCRIPT_SANDBOXING = YES;
				GCC_C_LANGUAGE_STANDARD = gnu17;
				GCC_DYNAMIC_NO_PIC = NO;
				GCC_NO_COMMON_BLOCKS = YES;
				GCC_OPTIMIZATION_LEVEL = 0;
				GCC_PREPROCESSOR_DEFINITIONS = (
					"DEBUG=1",
					"$(inherited)",
				);
				GCC_WARN_64_TO_32_BIT_CONVERSION = YES;
				GCC_WARN_ABOUT_RETURN_TYPE = YES_ERROR;
				GCC_WARN_UNDECLARED_SELECTOR = YES;
				GCC_WARN_UNINITIALIZED_AUTOS = YES_AGGRESSIVE;
				GCC_WARN_UNUSED_FUNCTION = YES;
				GCC_WARN_UNUSED_VARIABLE = YES;
				IPHONEOS_DEPLOYMENT_TARGET = 17.0;
				LOCALIZATION_PREFERS_STRING_CATALOGS = YES;
				MTL_ENABLE_DEBUG_INFO = INCLUDE_SOURCE;
				MTL_FAST_MATH = YES;
				ONLY_ACTIVE_ARCH = YES;
				SDKROOT = iphoneos;
				SWIFT_ACTIVE_COMPILATION_CONDITIONS = "DEBUG $(inherited)";
				SWIFT_OPTIMIZATION_LEVEL = "-Onone";
			};
			name = Debug;
		};
		E8A095C62CE0941400D28E3F /* Release */ = {
			isa = XCBuildConfiguration;
			buildSettings = {
				ALWAYS_SEARCH_USER_PATHS = NO;
				ASSETCATALOG_COMPILER_GENERATE_SWIFT_ASSET_SYMBOL_EXTENSIONS = YES;
				CLANG_ANALYZER_NONNULL = YES;
				CLANG_ANALYZER_NUMBER_OBJECT_CONVERSION = YES_AGGRESSIVE;
				CLANG_CXX_LANGUAGE_STANDARD = "gnu++20";
				CLANG_ENABLE_MODULES = YES;
				CLANG_ENABLE_OBJC_ARC = YES;
				CLANG_ENABLE_OBJC_WEAK = YES;
				CLANG_WARN_BLOCK_CAPTURE_AUTORELEASING = YES;
				CLANG_WARN_BOOL_CONVERSION = YES;
				CLANG_WARN_COMMA = YES;
				CLANG_WARN_CONSTANT_CONVERSION = YES;
				CLANG_WARN_DEPRECATED_OBJC_IMPLEMENTATIONS = YES;
				CLANG_WARN_DIRECT_OBJC_ISA_USAGE = YES_ERROR;
				CLANG_WARN_DOCUMENTATION_COMMENTS = YES;
				CLANG_WARN_EMPTY_BODY = YES;
				CLANG_WARN_ENUM_CONVERSION = YES;
				CLANG_WARN_INFINITE_RECURSION = YES;
				CLANG_WARN_INT_CONVERSION = YES;
				CLANG_WARN_NON_LITERAL_NULL_CONVERSION = YES;
				CLANG_WARN_OBJC_IMPLICIT_RETAIN_SELF = YES;
				CLANG_WARN_OBJC_LITERAL_CONVERSION = YES;
				CLANG_WARN_OBJC_ROOT_CLASS = YES_ERROR;
				CLANG_WARN_QUOTED_INCLUDE_IN_FRAMEWORK_HEADER = YES;
				CLANG_WARN_RANGE_LOOP_ANALYSIS = YES;
				CLANG_WARN_STRICT_PROTOTYPES = YES;
				CLANG_WARN_SUSPICIOUS_MOVE = YES;
				CLANG_WARN_UNGUARDED_AVAILABILITY = YES_AGGRESSIVE;
				CLANG_WARN_UNREACHABLE_CODE = YES;
				CLANG_WARN__DUPLICATE_METHOD_MATCH = YES;
				COPY_PHASE_STRIP = NO;
				DEBUG_INFORMATION_FORMAT = "dwarf-with-dsym";
				ENABLE_NS_ASSERTIONS = NO;
				ENABLE_STRICT_OBJC_MSGSEND = YES;
				ENABLE_USER_SCRIPT_SANDBOXING = YES;
				GCC_C_LANGUAGE_STANDARD = gnu17;
				GCC_NO_COMMON_BLOCKS = YES;
				GCC_WARN_64_TO_32_BIT_CONVERSION = YES;
				GCC_WARN_ABOUT_RETURN_TYPE = YES_ERROR;
				GCC_WARN_UNDECLARED_SELECTOR = YES;
				GCC_WARN_UNINITIALIZED_AUTOS = YES_AGGRESSIVE;
				GCC_WARN_UNUSED_FUNCTION = YES;
				GCC_WARN_UNUSED_VARIABLE = YES;
				IPHONEOS_DEPLOYMENT_TARGET = 17.0;
				LOCALIZATION_PREFERS_STRING_CATALOGS = YES;
				MTL_ENABLE_DEBUG_INFO = NO;
				MTL_FAST_MATH = YES;
				SDKROOT = iphoneos;
				SWIFT_COMPILATION_MODE = wholemodule;
				VALIDATE_PRODUCT = YES;
			};
			name = Release;
		};
		E8A095C82CE0941400D28E3F /* Debug */ = {
			isa = XCBuildConfiguration;
			buildSettings = {
				ASSETCATALOG_COMPILER_APPICON_NAME = AppIcon;
				ASSETCATALOG_COMPILER_GLOBAL_ACCENT_COLOR_NAME = AccentColor;
				CODE_SIGN_ENTITLEMENTS = DBMultiverse/Resources/DBMultiverse.entitlements;
				CODE_SIGN_STYLE = Automatic;
				CURRENT_PROJECT_VERSION = 1;
				DEVELOPMENT_ASSET_PATHS = "\"DBMultiverse/Preview Content\"";
				DEVELOPMENT_TEAM = R8SJ24LQF3;
				ENABLE_PREVIEWS = YES;
				GENERATE_INFOPLIST_FILE = YES;
				INFOPLIST_KEY_CFBundleDisplayName = Multiverse;
				INFOPLIST_KEY_LSApplicationCategoryType = "public.app-category.books";
				INFOPLIST_KEY_UIApplicationSceneManifest_Generation = YES;
				INFOPLIST_KEY_UIApplicationSupportsIndirectInputEvents = YES;
				INFOPLIST_KEY_UILaunchScreen_Generation = YES;
				INFOPLIST_KEY_UISupportedInterfaceOrientations = UIInterfaceOrientationPortrait;
				INFOPLIST_KEY_UISupportedInterfaceOrientations_iPad = "UIInterfaceOrientationLandscapeLeft UIInterfaceOrientationLandscapeRight UIInterfaceOrientationPortrait UIInterfaceOrientationPortraitUpsideDown";
				IPHONEOS_DEPLOYMENT_TARGET = 17.0;
				LD_RUNPATH_SEARCH_PATHS = (
					"$(inherited)",
					"@executable_path/Frameworks",
				);
				MARKETING_VERSION = 1.0.1;
				PRODUCT_BUNDLE_IDENTIFIER = com.nobadi.DBMultiverse;
				PRODUCT_NAME = "$(TARGET_NAME)";
				SUPPORTED_PLATFORMS = "iphoneos iphonesimulator";
				SUPPORTS_MACCATALYST = NO;
				SUPPORTS_MAC_DESIGNED_FOR_IPHONE_IPAD = NO;
				SWIFT_EMIT_LOC_STRINGS = YES;
				SWIFT_VERSION = 5.0;
				TARGETED_DEVICE_FAMILY = "1,2";
			};
			name = Debug;
		};
		E8A095C92CE0941400D28E3F /* Release */ = {
			isa = XCBuildConfiguration;
			buildSettings = {
				ASSETCATALOG_COMPILER_APPICON_NAME = AppIcon;
				ASSETCATALOG_COMPILER_GLOBAL_ACCENT_COLOR_NAME = AccentColor;
				CODE_SIGN_ENTITLEMENTS = DBMultiverse/Resources/DBMultiverse.entitlements;
				CODE_SIGN_STYLE = Automatic;
				CURRENT_PROJECT_VERSION = 1;
				DEVELOPMENT_ASSET_PATHS = "\"DBMultiverse/Preview Content\"";
				DEVELOPMENT_TEAM = R8SJ24LQF3;
				ENABLE_PREVIEWS = YES;
				GENERATE_INFOPLIST_FILE = YES;
				INFOPLIST_KEY_CFBundleDisplayName = Multiverse;
				INFOPLIST_KEY_LSApplicationCategoryType = "public.app-category.books";
				INFOPLIST_KEY_UIApplicationSceneManifest_Generation = YES;
				INFOPLIST_KEY_UIApplicationSupportsIndirectInputEvents = YES;
				INFOPLIST_KEY_UILaunchScreen_Generation = YES;
				INFOPLIST_KEY_UISupportedInterfaceOrientations = UIInterfaceOrientationPortrait;
				INFOPLIST_KEY_UISupportedInterfaceOrientations_iPad = "UIInterfaceOrientationLandscapeLeft UIInterfaceOrientationLandscapeRight UIInterfaceOrientationPortrait UIInterfaceOrientationPortraitUpsideDown";
				IPHONEOS_DEPLOYMENT_TARGET = 17.0;
				LD_RUNPATH_SEARCH_PATHS = (
					"$(inherited)",
					"@executable_path/Frameworks",
				);
				MARKETING_VERSION = 1.0.1;
				PRODUCT_BUNDLE_IDENTIFIER = com.nobadi.DBMultiverse;
				PRODUCT_NAME = "$(TARGET_NAME)";
				SUPPORTED_PLATFORMS = "iphoneos iphonesimulator";
				SUPPORTS_MACCATALYST = NO;
				SUPPORTS_MAC_DESIGNED_FOR_IPHONE_IPAD = NO;
				SWIFT_EMIT_LOC_STRINGS = YES;
				SWIFT_VERSION = 5.0;
				TARGETED_DEVICE_FAMILY = "1,2";
			};
			name = Release;
		};
/* End XCBuildConfiguration section */

/* Begin XCConfigurationList section */
		D46C70742D1BB4C000C217D6 /* Build configuration list for PBXNativeTarget "DBMultiverseUnitTests" */ = {
			isa = XCConfigurationList;
			buildConfigurations = (
				D46C70752D1BB4C000C217D6 /* Debug */,
				D46C70762D1BB4C000C217D6 /* Release */,
			);
			defaultConfigurationIsVisible = 0;
			defaultConfigurationName = Release;
		};
		D47D00FF2D2F4A060064FEB2 /* Build configuration list for PBXNativeTarget "DBMultiverseWidgetsExtension" */ = {
			isa = XCConfigurationList;
			buildConfigurations = (
				D47D00FD2D2F4A060064FEB2 /* Debug */,
				D47D00FE2D2F4A060064FEB2 /* Release */,
			);
			defaultConfigurationIsVisible = 0;
			defaultConfigurationName = Release;
		};
		E8A095B42CE0941200D28E3F /* Build configuration list for PBXProject "DBMultiverse" */ = {
			isa = XCConfigurationList;
			buildConfigurations = (
				E8A095C52CE0941400D28E3F /* Debug */,
				E8A095C62CE0941400D28E3F /* Release */,
			);
			defaultConfigurationIsVisible = 0;
			defaultConfigurationName = Release;
		};
		E8A095C72CE0941400D28E3F /* Build configuration list for PBXNativeTarget "DBMultiverse" */ = {
			isa = XCConfigurationList;
			buildConfigurations = (
				E8A095C82CE0941400D28E3F /* Debug */,
				E8A095C92CE0941400D28E3F /* Release */,
			);
			defaultConfigurationIsVisible = 0;
			defaultConfigurationName = Release;
		};
/* End XCConfigurationList section */

/* Begin XCRemoteSwiftPackageReference section */
		D46C70692D1BB4A700C217D6 /* XCRemoteSwiftPackageReference "NnTestKit" */ = {
			isa = XCRemoteSwiftPackageReference;
			repositoryURL = "https://github.com/nikolainobadi/NnTestKit";
			requirement = {
				kind = upToNextMajorVersion;
				minimumVersion = 1.0.0;
			};
		};
		D4A701952DA1C890008D3530 /* XCRemoteSwiftPackageReference "NnSwiftDataKit" */ = {
			isa = XCRemoteSwiftPackageReference;
			repositoryURL = "https://github.com/nikolainobadi/NnSwiftDataKit.git";
			requirement = {
				branch = "swift-6";
				kind = branch;
			};
		};
/* End XCRemoteSwiftPackageReference section */

/* Begin XCSwiftPackageProductDependency section */
		D45F17552D2E0519006362E8 /* DBMultiverseComicKit */ = {
			isa = XCSwiftPackageProductDependency;
			productName = DBMultiverseComicKit;
		};
		D46C70782D1BB4E200C217D6 /* NnTestHelpers */ = {
			isa = XCSwiftPackageProductDependency;
			package = D46C70692D1BB4A700C217D6 /* XCRemoteSwiftPackageReference "NnTestKit" */;
			productName = NnTestHelpers;
		};
		D46C707A2D1BB4F000C217D6 /* NnTestVariables */ = {
			isa = XCSwiftPackageProductDependency;
			package = D46C70692D1BB4A700C217D6 /* XCRemoteSwiftPackageReference "NnTestKit" */;
			productName = NnTestVariables;
		};
		D47D010C2D2F60310064FEB2 /* DBMultiverseComicKit */ = {
			isa = XCSwiftPackageProductDependency;
			productName = DBMultiverseComicKit;
		};
		D4A701962DA1C890008D3530 /* NnSwiftDataKit */ = {
			isa = XCSwiftPackageProductDependency;
			package = D4A701952DA1C890008D3530 /* XCRemoteSwiftPackageReference "NnSwiftDataKit" */;
			productName = NnSwiftDataKit;
		};
		D4E498282D31A8ED007F6E1A /* DBMultiverseParseKit */ = {
			isa = XCSwiftPackageProductDependency;
			productName = DBMultiverseParseKit;
		};
/* End XCSwiftPackageProductDependency section */
	};
	rootObject = E8A095B12CE0941200D28E3F /* Project object */;
}
